// !$*UTF8*$!
{
	archiveVersion = 1;
	classes = {
	};
	objectVersion = 50;
	objects = {

/* Begin PBXBuildFile section */
		EA46EAC822EBD98700A8FF80 /* AppDelegate.swift in Sources */ = {isa = PBXBuildFile; fileRef = EA46EAC722EBD98700A8FF80 /* AppDelegate.swift */; };
		EA46EACA22EBD98700A8FF80 /* ViewController.swift in Sources */ = {isa = PBXBuildFile; fileRef = EA46EAC922EBD98700A8FF80 /* ViewController.swift */; };
		EA46EACD22EBD98700A8FF80 /* Main.storyboard in Resources */ = {isa = PBXBuildFile; fileRef = EA46EACB22EBD98700A8FF80 /* Main.storyboard */; };
		EA46EACF22EBD98A00A8FF80 /* Assets.xcassets in Resources */ = {isa = PBXBuildFile; fileRef = EA46EACE22EBD98A00A8FF80 /* Assets.xcassets */; };
		EA46EAD222EBD98A00A8FF80 /* LaunchScreen.storyboard in Resources */ = {isa = PBXBuildFile; fileRef = EA46EAD022EBD98A00A8FF80 /* LaunchScreen.storyboard */; };
/* End PBXBuildFile section */

/* Begin PBXFileReference section */
		EA46EAC422EBD98700A8FF80 /* BLE LED Control.app */ = {isa = PBXFileReference; explicitFileType = wrapper.application; includeInIndex = 0; path = "BLE LED Control.app"; sourceTree = BUILT_PRODUCTS_DIR; };
		EA46EAC722EBD98700A8FF80 /* AppDelegate.swift */ = {isa = PBXFileReference; lastKnownFileType = sourcecode.swift; path = AppDelegate.swift; sourceTree = "<group>"; };
		EA46EAC922EBD98700A8FF80 /* ViewController.swift */ = {isa = PBXFileReference; lastKnownFileType = sourcecode.swift; path = ViewController.swift; sourceTree = "<group>"; };
		EA46EACC22EBD98700A8FF80 /* Base */ = {isa = PBXFileReference; lastKnownFileType = file.storyboard; name = Base; path = Base.lproj/Main.storyboard; sourceTree = "<group>"; };
		EA46EACE22EBD98A00A8FF80 /* Assets.xcassets */ = {isa = PBXFileReference; lastKnownFileType = folder.assetcatalog; path = Assets.xcassets; sourceTree = "<group>"; };
		EA46EAD122EBD98A00A8FF80 /* Base */ = {isa = PBXFileReference; lastKnownFileType = file.storyboard; name = Base; path = Base.lproj/LaunchScreen.storyboard; sourceTree = "<group>"; };
		EA46EAD322EBD98A00A8FF80 /* Info.plist */ = {isa = PBXFileReference; lastKnownFileType = text.plist.xml; path = Info.plist; sourceTree = "<group>"; };
/* End PBXFileReference section */

/* Begin PBXFrameworksBuildPhase section */
		EA46EAC122EBD98700A8FF80 /* Frameworks */ = {
			isa = PBXFrameworksBuildPhase;
			buildActionMask = 2147483647;
			files = (
			);
			runOnlyForDeploymentPostprocessing = 0;
		};
/* End PBXFrameworksBuildPhase section */

/* Begin PBXGroup section */
		EA46EABB22EBD98700A8FF80 = {
			isa = PBXGroup;
			children = (
				EA46EAC622EBD98700A8FF80 /* BLE LED Control */,
				EA46EAC522EBD98700A8FF80 /* Products */,
			);
			sourceTree = "<group>";
		};
		EA46EAC522EBD98700A8FF80 /* Products */ = {
			isa = PBXGroup;
			children = (
				EA46EAC422EBD98700A8FF80 /* BLE LED Control.app */,
			);
			name = Products;
			sourceTree = "<group>";
		};
		EA46EAC622EBD98700A8FF80 /* BLE LED Control */ = {
			isa = PBXGroup;
			children = (
				EA46EAC722EBD98700A8FF80 /* AppDelegate.swift */,
				EA46EAC922EBD98700A8FF80 /* ViewController.swift */,
				EA46EACB22EBD98700A8FF80 /* Main.storyboard */,
				EA46EACE22EBD98A00A8FF80 /* Assets.xcassets */,
				EA46EAD022EBD98A00A8FF80 /* LaunchScreen.storyboard */,
				EA46EAD322EBD98A00A8FF80 /* Info.plist */,
			);
			path = "BLE LED Control";
			sourceTree = "<group>";
		};
/* End PBXGroup section */

/* Begin PBXNativeTarget section */
		EA46EAC322EBD98700A8FF80 /* BLE LED Control */ = {
			isa = PBXNativeTarget;
			buildConfigurationList = EA46EAD622EBD98A00A8FF80 /* Build configuration list for PBXNativeTarget "BLE LED Control" */;
			buildPhases = (
				EA46EAC022EBD98700A8FF80 /* Sources */,
				EA46EAC122EBD98700A8FF80 /* Frameworks */,
				EA46EAC222EBD98700A8FF80 /* Resources */,
			);
			buildRules = (
			);
			dependencies = (
			);
			name = "BLE LED Control";
			productName = "BLE LED Control";
			productReference = EA46EAC422EBD98700A8FF80 /* BLE LED Control.app */;
			productType = "com.apple.product-type.application";
		};
/* End PBXNativeTarget section */

/* Begin PBXProject section */
		EA46EABC22EBD98700A8FF80 /* Project object */ = {
			isa = PBXProject;
			attributes = {
				LastSwiftUpdateCheck = 1010;
				LastUpgradeCheck = 1010;
				ORGANIZATIONNAME = "Steven Phan";
				TargetAttributes = {
					EA46EAC322EBD98700A8FF80 = {
						CreatedOnToolsVersion = 10.1;
					};
				};
			};
			buildConfigurationList = EA46EABF22EBD98700A8FF80 /* Build configuration list for PBXProject "BLE LED Control" */;
			compatibilityVersion = "Xcode 9.3";
			developmentRegion = en;
			hasScannedForEncodings = 0;
			knownRegions = (
				en,
				Base,
			);
			mainGroup = EA46EABB22EBD98700A8FF80;
			productRefGroup = EA46EAC522EBD98700A8FF80 /* Products */;
			projectDirPath = "";
			projectRoot = "";
			targets = (
				EA46EAC322EBD98700A8FF80 /* BLE LED Control */,
			);
		};
/* End PBXProject section */

/* Begin PBXResourcesBuildPhase section */
		EA46EAC222EBD98700A8FF80 /* Resources */ = {
			isa = PBXResourcesBuildPhase;
			buildActionMask = 2147483647;
			files = (
				EA46EAD222EBD98A00A8FF80 /* LaunchScreen.storyboard in Resources */,
				EA46EACF22EBD98A00A8FF80 /* Assets.xcassets in Resources */,
				EA46EACD22EBD98700A8FF80 /* Main.storyboard in Resources */,
			);
			runOnlyForDeploymentPostprocessing = 0;
		};
/* End PBXResourcesBuildPhase section */

/* Begin PBXSourcesBuildPhase section */
		EA46EAC022EBD98700A8FF80 /* Sources */ = {
			isa = PBXSourcesBuildPhase;
			buildActionMask = 2147483647;
			files = (
				EA46EACA22EBD98700A8FF80 /* ViewController.swift in Sources */,
				EA46EAC822EBD98700A8FF80 /* AppDelegate.swift in Sources */,
			);
			runOnlyForDeploymentPostprocessing = 0;
		};
/* End PBXSourcesBuildPhase section */

/* Begin PBXVariantGroup section */
		EA46EACB22EBD98700A8FF80 /* Main.storyboard */ = {
			isa = PBXVariantGroup;
			children = (
				EA46EACC22EBD98700A8FF80 /* Base */,
			);
			name = Main.storyboard;
			sourceTree = "<group>";
		};
		EA46EAD022EBD98A00A8FF80 /* LaunchScreen.storyboard */ = {
			isa = PBXVariantGroup;
			children = (
				EA46EAD122EBD98A00A8FF80 /* Base */,
			);
			name = LaunchScreen.storyboard;
			sourceTree = "<group>";
		};
/* End PBXVariantGroup section */

/* Begin XCBuildConfiguration section */
		EA46EAD422EBD98A00A8FF80 /* Debug */ = {
			isa = XCBuildConfiguration;
			buildSettings = {
				ALWAYS_SEARCH_USER_PATHS = NO;
				CLANG_ANALYZER_NONNULL = YES;
				CLANG_ANALYZER_NUMBER_OBJECT_CONVERSION = YES_AGGRESSIVE;
				CLANG_CXX_LANGUAGE_STANDARD = "gnu++14";
				CLANG_CXX_LIBRARY = "libc++";
				CLANG_ENABLE_MODULES = YES;
				CLANG_ENABLE_OBJC_ARC = YES;
				CLANG_ENABLE_OBJC_WEAK = YES;
				CLANG_WARN_BLOCK_CAPTURE_AUTORELEASING = YES;
				CLANG_WARN_BOOL_CONVERSION = YES;
				CLANG_WARN_COMMA = YES;
				CLANG_WARN_CONSTANT_CONVERSION = YES;
				CLANG_WARN_DEPRECATED_OBJC_IMPLEMENTATIONS = YES;
				CLANG_WARN_DIRECT_OBJC_ISA_USAGE = YES_ERROR;
				CLANG_WARN_DOCUMENTATION_COMMENTS = YES;
				CLANG_WARN_EMPTY_BODY = YES;
				CLANG_WARN_ENUM_CONVERSION = YES;
				CLANG_WARN_INFINITE_RECURSION = YES;
				CLANG_WARN_INT_CONVERSION = YES;
				CLANG_WARN_NON_LITERAL_NULL_CONVERSION = YES;
				CLANG_WARN_OBJC_IMPLICIT_RETAIN_SELF = YES;
				CLANG_WARN_OBJC_LITERAL_CONVERSION = YES;
				CLANG_WARN_OBJC_ROOT_CLASS = YES_ERROR;
				CLANG_WARN_RANGE_LOOP_ANALYSIS = YES;
				CLANG_WARN_STRICT_PROTOTYPES = YES;
				CLANG_WARN_SUSPICIOUS_MOVE = YES;
				CLANG_WARN_UNGUARDED_AVAILABILITY = YES_AGGRESSIVE;
				CLANG_WARN_UNREACHABLE_CODE = YES;
				CLANG_WARN__DUPLICATE_METHOD_MATCH = YES;
				CODE_SIGN_IDENTITY = "iPhone Developer";
				COPY_PHASE_STRIP = NO;
				DEBUG_INFORMATION_FORMAT = dwarf;
				ENABLE_STRICT_OBJC_MSGSEND = YES;
				ENABLE_TESTABILITY = YES;
				GCC_C_LANGUAGE_STANDARD = gnu11;
				GCC_DYNAMIC_NO_PIC = NO;
				GCC_NO_COMMON_BLOCKS = YES;
				GCC_OPTIMIZATION_LEVEL = 0;
				GCC_PREPROCESSOR_DEFINITIONS = (
					"DEBUG=1",
					"$(inherited)",
				);
				GCC_WARN_64_TO_32_BIT_CONVERSION = YES;
				GCC_WARN_ABOUT_RETURN_TYPE = YES_ERROR;
				GCC_WARN_UNDECLARED_SELECTOR = YES;
				GCC_WARN_UNINITIALIZED_AUTOS = YES_AGGRESSIVE;
				GCC_WARN_UNUSED_FUNCTION = YES;
				GCC_WARN_UNUSED_VARIABLE = YES;
				IPHONEOS_DEPLOYMENT_TARGET = 12.1;
				MTL_ENABLE_DEBUG_INFO = INCLUDE_SOURCE;
				MTL_FAST_MATH = YES;
				ONLY_ACTIVE_ARCH = YES;
				SDKROOT = iphoneos;
				SWIFT_ACTIVE_COMPILATION_CONDITIONS = DEBUG;
				SWIFT_OPTIMIZATION_LEVEL = "-Onone";
			};
			name = Debug;
		};
		EA46EAD522EBD98A00A8FF80 /* Release */ = {
			isa = XCBuildConfiguration;
			buildSettings = {
				ALWAYS_SEARCH_USER_PATHS = NO;
				CLANG_ANALYZER_NONNULL = YES;
				CLANG_ANALYZER_NUMBER_OBJECT_CONVERSION = YES_AGGRESSIVE;
				CLANG_CXX_LANGUAGE_STANDARD = "gnu++14";
				CLANG_CXX_LIBRARY = "libc++";
				CLANG_ENABLE_MODULES = YES;
				CLANG_ENABLE_OBJC_ARC = YES;
				CLANG_ENABLE_OBJC_WEAK = YES;
				CLANG_WARN_BLOCK_CAPTURE_AUTORELEASING = YES;
				CLANG_WARN_BOOL_CONVERSION = YES;
				CLANG_WARN_COMMA = YES;
				CLANG_WARN_CONSTANT_CONVERSION = YES;
				CLANG_WARN_DEPRECATED_OBJC_IMPLEMENTATIONS = YES;
				CLANG_WARN_DIRECT_OBJC_ISA_USAGE = YES_ERROR;
				CLANG_WARN_DOCUMENTATION_COMMENTS = YES;
				CLANG_WARN_EMPTY_BODY = YES;
				CLANG_WARN_ENUM_CONVERSION = YES;
				CLANG_WARN_INFINITE_RECURSION = YES;
				CLANG_WARN_INT_CONVERSION = YES;
				CLANG_WARN_NON_LITERAL_NULL_CONVERSION = YES;
				CLANG_WARN_OBJC_IMPLICIT_RETAIN_SELF = YES;
				CLANG_WARN_OBJC_LITERAL_CONVERSION = YES;
				CLANG_WARN_OBJC_ROOT_CLASS = YES_ERROR;
				CLANG_WARN_RANGE_LOOP_ANALYSIS = YES;
				CLANG_WARN_STRICT_PROTOTYPES = YES;
				CLANG_WARN_SUSPICIOUS_MOVE = YES;
				CLANG_WARN_UNGUARDED_AVAILABILITY = YES_AGGRESSIVE;
				CLANG_WARN_UNREACHABLE_CODE = YES;
				CLANG_WARN__DUPLICATE_METHOD_MATCH = YES;
				CODE_SIGN_IDENTITY = "iPhone Developer";
				COPY_PHASE_STRIP = NO;
				DEBUG_INFORMATION_FORMAT = "dwarf-with-dsym";
				ENABLE_NS_ASSERTIONS = NO;
				ENABLE_STRICT_OBJC_MSGSEND = YES;
				GCC_C_LANGUAGE_STANDARD = gnu11;
				GCC_NO_COMMON_BLOCKS = YES;
				GCC_WARN_64_TO_32_BIT_CONVERSION = YES;
				GCC_WARN_ABOUT_RETURN_TYPE = YES_ERROR;
				GCC_WARN_UNDECLARED_SELECTOR = YES;
				GCC_WARN_UNINITIALIZED_AUTOS = YES_AGGRESSIVE;
				GCC_WARN_UNUSED_FUNCTION = YES;
				GCC_WARN_UNUSED_VARIABLE = YES;
				IPHONEOS_DEPLOYMENT_TARGET = 12.1;
				MTL_ENABLE_DEBUG_INFO = NO;
				MTL_FAST_MATH = YES;
				SDKROOT = iphoneos;
				SWIFT_COMPILATION_MODE = wholemodule;
				SWIFT_OPTIMIZATION_LEVEL = "-O";
				VALIDATE_PRODUCT = YES;
			};
			name = Release;
		};
		EA46EAD722EBD98A00A8FF80 /* Debug */ = {
			isa = XCBuildConfiguration;
			buildSettings = {
				ASSETCATALOG_COMPILER_APPICON_NAME = AppIcon;
				CODE_SIGN_STYLE = Automatic;
				DEVELOPMENT_TEAM = 3W4B69JZSD;
				INFOPLIST_FILE = "BLE LED Control/Info.plist";
				LD_RUNPATH_SEARCH_PATHS = (
					"$(inherited)",
					"@executable_path/Frameworks",
				);
				PRODUCT_BUNDLE_IDENTIFIER = "com.stevenphan.BLE-LED-Control";
				PRODUCT_NAME = "$(TARGET_NAME)";
				SWIFT_VERSION = 4.2;
				TARGETED_DEVICE_FAMILY = "1,2";
			};
			name = Debug;
		};
		EA46EAD822EBD98A00A8FF80 /* Release */ = {
			isa = XCBuildConfiguration;
			buildSettings = {
				ASSETCATALOG_COMPILER_APPICON_NAME = AppIcon;
				CODE_SIGN_STYLE = Automatic;
				DEVELOPMENT_TEAM = 3W4B69JZSD;
				INFOPLIST_FILE = "BLE LED Control/Info.plist";
				LD_RUNPATH_SEARCH_PATHS = (
					"$(inherited)",
					"@executable_path/Frameworks",
				);
				PRODUCT_BUNDLE_IDENTIFIER = "com.stevenphan.BLE-LED-Control";
				PRODUCT_NAME = "$(TARGET_NAME)";
				SWIFT_VERSION = 4.2;
				TARGETED_DEVICE_FAMILY = "1,2";
			};
			name = Release;
		};
/* End XCBuildConfiguration section */

/* Begin XCConfigurationList section */
		EA46EABF22EBD98700A8FF80 /* Build configuration list for PBXProject "BLE LED Control" */ = {
			isa = XCConfigurationList;
			buildConfigurations = (
				EA46EAD422EBD98A00A8FF80 /* Debug */,
				EA46EAD522EBD98A00A8FF80 /* Release */,
			);
			defaultConfigurationIsVisible = 0;
			defaultConfigurationName = Release;
		};
		EA46EAD622EBD98A00A8FF80 /* Build configuration list for PBXNativeTarget "BLE LED Control" */ = {
			isa = XCConfigurationList;
			buildConfigurations = (
				EA46EAD722EBD98A00A8FF80 /* Debug */,
				EA46EAD822EBD98A00A8FF80 /* Release */,
			);
			defaultConfigurationIsVisible = 0;
			defaultConfigurationName = Release;
		};
/* End XCConfigurationList section */
	};
	rootObject = EA46EABC22EBD98700A8FF80 /* Project object */;
}
